
Microsoft Visual Studio Solution File, Format Version 12.00
# Visual Studio Version 17
VisualStudioVersion = 17.0.32014.148
MinimumVisualStudioVersion = 10.0.40219.1
Project("{FAE04EC0-301F-11D3-BF4B-00C04F79EFBC}") = "Core", "Core\Core.csproj", "{65F59FD9-C8CB-4EBF-8EE5-101CA2888587}"
EndProject
Project("{2150E333-8FDC-42A3-9474-1A3956D46DE8}") = "Solution Items", "Solution Items", "{EB37F656-BDEA-4094-9D60-58A9EC16AB77}"
	ProjectSection(SolutionItems) = preProject
		README.md = README.md
	EndProjectSection
EndProject
Project("{FAE04EC0-301F-11D3-BF4B-00C04F79EFBC}") = "GUI", "GUI\GUI.csproj", "{531BC81E-5E16-4D66-A7BE-B074D1E49074}"
EndProject
Global
	GlobalSection(SolutionConfigurationPlatforms) = preSolution
		Debug|Any CPU = Debug|Any CPU
		Release|Any CPU = Release|Any CPU
	EndGlobalSection
	GlobalSection(ProjectConfigurationPlatforms) = postSolution
		{65F59FD9-C8CB-4EBF-8EE5-101CA2888587}.Debug|Any CPU.ActiveCfg = Debug|Any CPU
		{65F59FD9-C8CB-4EBF-8EE5-101CA2888587}.Debug|Any CPU.Build.0 = Debug|Any CPU
		{65F59FD9-C8CB-4EBF-8EE5-101CA2888587}.Release|Any CPU.ActiveCfg = Release|Any CPU
		{65F59FD9-C8CB-4EBF-8EE5-101CA2888587}.Release|Any CPU.Build.0 = Release|Any CPU
		{531BC81E-5E16-4D66-A7BE-B074D1E49074}.Debug|Any CPU.ActiveCfg = Debug|Any CPU
		{531BC81E-5E16-4D66-A7BE-B074D1E49074}.Debug|Any CPU.Build.0 = Debug|Any CPU
		{531BC81E-5E16-4D66-A7BE-B074D1E49074}.Release|Any CPU.ActiveCfg = Release|Any CPU
		{531BC81E-5E16-4D66-A7BE-B074D1E49074}.Release|Any CPU.Build.0 = Release|Any CPU
	EndGlobalSection
	GlobalSection(SolutionProperties) = preSolution
		HideSolutionNode = FALSE
	EndGlobalSection
	GlobalSection(ExtensibilityGlobals) = postSolution
		SolutionGuid = {8BD873DB-E188-4AAA-BB60-CFBEBAE2BD6D}
	EndGlobalSection
EndGlobal
